
Microsoft Visual Studio Solution File, Format Version 12.00
# Visual Studio 14
VisualStudioVersion = 14.0.25420.1
MinimumVisualStudioVersion = 10.0.40219.1
Project("{F184B08F-C81C-45F6-A57F-5ABD9991F28F}") = "src", "src\ng2.vbproj", "{CC3DB78B-D4B3-4AF1-A793-0CBE12904819}"
EndProject
Project("{2150E333-8FDC-42A3-9474-1A3956D46DE8}") = "Solution Items", "Solution Items", "{04535FDD-724D-48EB-BF3D-15AA2F88B573}"
	ProjectSection(SolutionItems) = preProject
		WebEssentials2015-Settings.json = WebEssentials2015-Settings.json
	EndProjectSection
EndProject
Global
	GlobalSection(SolutionConfigurationPlatforms) = preSolution
		Debug|Any CPU = Debug|Any CPU
		Release|Any CPU = Release|Any CPU
	EndGlobalSection
	GlobalSection(ProjectConfigurationPlatforms) = postSolution
		{CC3DB78B-D4B3-4AF1-A793-0CBE12904819}.Debug|Any CPU.ActiveCfg = Debug|Any CPU
		{CC3DB78B-D4B3-4AF1-A793-0CBE12904819}.Debug|Any CPU.Build.0 = Debug|Any CPU
		{CC3DB78B-D4B3-4AF1-A793-0CBE12904819}.Release|Any CPU.ActiveCfg = Release|Any CPU
		{CC3DB78B-D4B3-4AF1-A793-0CBE12904819}.Release|Any CPU.Build.0 = Release|Any CPU
	EndGlobalSection
	GlobalSection(SolutionProperties) = preSolution
		HideSolutionNode = FALSE
	EndGlobalSection
EndGlobal
